
Microsoft Visual Studio Solution File, Format Version 12.00
# Visual Studio Version 16
VisualStudioVersion = 16.0.29411.108
MinimumVisualStudioVersion = 10.0.40219.1
Project("{9A19103F-16F7-4668-BE54-9A1E7A4F7556}") = "EpamTasks", "EpamTasks\EpamTasks.csproj", "{8C059C69-C8F1-456C-A767-28AB90BF3408}"
EndProject
Project("{9A19103F-16F7-4668-BE54-9A1E7A4F7556}") = "Second Task", "Second Task\Second Task.csproj", "{B16F4240-2628-4F5D-93EF-DE6F14AC5A5B}"
EndProject
Project("{9A19103F-16F7-4668-BE54-9A1E7A4F7556}") = "ThirdTask", "ThirdTask\ThirdTask.csproj", "{F07BF8A7-0CBF-4583-9A2B-FECA83FE7D12}"
EndProject
Project("{9A19103F-16F7-4668-BE54-9A1E7A4F7556}") = "Fourth Task", "Fourth Task\Fourth Task.csproj", "{14441AB3-4CA9-4FAA-8643-4FFAD9E5D7EA}"
EndProject
Project("{FAE04EC0-301F-11D3-BF4B-00C04F79EFBC}") = "Fifth Task", "Fifth Task\Fifth Task.csproj", "{D24D6816-FA37-422E-93B1-BF188132047A}"
EndProject
Global
	GlobalSection(SolutionConfigurationPlatforms) = preSolution
		Debug|Any CPU = Debug|Any CPU
		Release|Any CPU = Release|Any CPU
	EndGlobalSection
	GlobalSection(ProjectConfigurationPlatforms) = postSolution
		{8C059C69-C8F1-456C-A767-28AB90BF3408}.Debug|Any CPU.ActiveCfg = Debug|Any CPU
		{8C059C69-C8F1-456C-A767-28AB90BF3408}.Debug|Any CPU.Build.0 = Debug|Any CPU
		{8C059C69-C8F1-456C-A767-28AB90BF3408}.Release|Any CPU.ActiveCfg = Release|Any CPU
		{8C059C69-C8F1-456C-A767-28AB90BF3408}.Release|Any CPU.Build.0 = Release|Any CPU
		{B16F4240-2628-4F5D-93EF-DE6F14AC5A5B}.Debug|Any CPU.ActiveCfg = Debug|Any CPU
		{B16F4240-2628-4F5D-93EF-DE6F14AC5A5B}.Debug|Any CPU.Build.0 = Debug|Any CPU
		{B16F4240-2628-4F5D-93EF-DE6F14AC5A5B}.Release|Any CPU.ActiveCfg = Release|Any CPU
		{B16F4240-2628-4F5D-93EF-DE6F14AC5A5B}.Release|Any CPU.Build.0 = Release|Any CPU
		{F07BF8A7-0CBF-4583-9A2B-FECA83FE7D12}.Debug|Any CPU.ActiveCfg = Debug|Any CPU
		{F07BF8A7-0CBF-4583-9A2B-FECA83FE7D12}.Debug|Any CPU.Build.0 = Debug|Any CPU
		{F07BF8A7-0CBF-4583-9A2B-FECA83FE7D12}.Release|Any CPU.ActiveCfg = Release|Any CPU
		{F07BF8A7-0CBF-4583-9A2B-FECA83FE7D12}.Release|Any CPU.Build.0 = Release|Any CPU
		{14441AB3-4CA9-4FAA-8643-4FFAD9E5D7EA}.Debug|Any CPU.ActiveCfg = Debug|Any CPU
		{14441AB3-4CA9-4FAA-8643-4FFAD9E5D7EA}.Debug|Any CPU.Build.0 = Debug|Any CPU
		{14441AB3-4CA9-4FAA-8643-4FFAD9E5D7EA}.Release|Any CPU.ActiveCfg = Release|Any CPU
		{14441AB3-4CA9-4FAA-8643-4FFAD9E5D7EA}.Release|Any CPU.Build.0 = Release|Any CPU
		{D24D6816-FA37-422E-93B1-BF188132047A}.Debug|Any CPU.ActiveCfg = Debug|Any CPU
		{D24D6816-FA37-422E-93B1-BF188132047A}.Debug|Any CPU.Build.0 = Debug|Any CPU
		{D24D6816-FA37-422E-93B1-BF188132047A}.Release|Any CPU.ActiveCfg = Release|Any CPU
		{D24D6816-FA37-422E-93B1-BF188132047A}.Release|Any CPU.Build.0 = Release|Any CPU
	EndGlobalSection
	GlobalSection(SolutionProperties) = preSolution
		HideSolutionNode = FALSE
	EndGlobalSection
	GlobalSection(ExtensibilityGlobals) = postSolution
		SolutionGuid = {0FC40AAF-8269-40F4-8D00-0723B3F1BC43}
	EndGlobalSection
EndGlobal
